// !$*UTF8*$!
{
	archiveVersion = 1;
	classes = {
	};
	objectVersion = 50;
	objects = {

/* Begin PBXBuildFile section */
		1734DD852499DBE800183547 /* OnboardingOneViewController.swift in Sources */ = {isa = PBXBuildFile; fileRef = 1734DD842499DBE800183547 /* OnboardingOneViewController.swift */; };
		1734DD872499E01200183547 /* OnboardingTwoViewController.swift in Sources */ = {isa = PBXBuildFile; fileRef = 1734DD862499E01200183547 /* OnboardingTwoViewController.swift */; };
		1734DD892499E02500183547 /* OnboardingThreeViewController.swift in Sources */ = {isa = PBXBuildFile; fileRef = 1734DD882499E02500183547 /* OnboardingThreeViewController.swift */; };
		174AACD624A5C7C0002418B8 /* ChartViewController.swift in Sources */ = {isa = PBXBuildFile; fileRef = 174AACD524A5C7C0002418B8 /* ChartViewController.swift */; };
		174AACD824A5C854002418B8 /* Compatibilty.swift in Sources */ = {isa = PBXBuildFile; fileRef = 174AACD724A5C854002418B8 /* Compatibilty.swift */; };
		174AACDA24A5C898002418B8 /* PieChartView.swift in Sources */ = {isa = PBXBuildFile; fileRef = 174AACD924A5C898002418B8 /* PieChartView.swift */; };
		174ADAEE249C29C2004E768F /* CalculateViewController.swift in Sources */ = {isa = PBXBuildFile; fileRef = 174ADAED249C29C2004E768F /* CalculateViewController.swift */; };
		174ADAF0249C29CA004E768F /* ResultsViewController.swift in Sources */ = {isa = PBXBuildFile; fileRef = 174ADAEF249C29CA004E768F /* ResultsViewController.swift */; };
		1F101C26249E83CA00F6A835 /* Test.swift in Sources */ = {isa = PBXBuildFile; fileRef = 1F101C25249E83CA00F6A835 /* Test.swift */; };
		1F101C2D249E9A3500F6A835 /* PieChartRow.swift in Sources */ = {isa = PBXBuildFile; fileRef = 1F101C29249E9A3500F6A835 /* PieChartRow.swift */; };
		1F101C2E249E9A3500F6A835 /* PieChartCell.swift in Sources */ = {isa = PBXBuildFile; fileRef = 1F101C2A249E9A3500F6A835 /* PieChartCell.swift */; };
		1F101C30249E9E3200F6A835 /* Helpers.swift in Sources */ = {isa = PBXBuildFile; fileRef = 1F101C2F249E9E3200F6A835 /* Helpers.swift */; };
		1F4F0B6D249ADE7F005EE536 /* ViewController.swift in Sources */ = {isa = PBXBuildFile; fileRef = 1F4F0B6C249ADE7F005EE536 /* ViewController.swift */; };
		1F9BF6C3249C66570083F051 /* Profile.storyboard in Resources */ = {isa = PBXBuildFile; fileRef = 1F9BF6C2249C66570083F051 /* Profile.storyboard */; };
		1F9BF6C5249C66A40083F051 /* ProfileViewController.swift in Sources */ = {isa = PBXBuildFile; fileRef = 1F9BF6C4249C66A40083F051 /* ProfileViewController.swift */; };
		1FBC77392499C11100ACCDB9 /* AppDelegate.swift in Sources */ = {isa = PBXBuildFile; fileRef = 1FBC77382499C11100ACCDB9 /* AppDelegate.swift */; };
		1FBC773B2499C11100ACCDB9 /* SceneDelegate.swift in Sources */ = {isa = PBXBuildFile; fileRef = 1FBC773A2499C11100ACCDB9 /* SceneDelegate.swift */; };
		1FBC77402499C11100ACCDB9 /* Main.storyboard in Resources */ = {isa = PBXBuildFile; fileRef = 1FBC773E2499C11100ACCDB9 /* Main.storyboard */; };
		1FBC77422499C11400ACCDB9 /* Assets.xcassets in Resources */ = {isa = PBXBuildFile; fileRef = 1FBC77412499C11400ACCDB9 /* Assets.xcassets */; };
		1FBC77452499C11400ACCDB9 /* LaunchScreen.storyboard in Resources */ = {isa = PBXBuildFile; fileRef = 1FBC77432499C11400ACCDB9 /* LaunchScreen.storyboard */; };
		1FBC77562499C7F000ACCDB9 /* Onboarding.storyboard in Resources */ = {isa = PBXBuildFile; fileRef = 1FBC77552499C7F000ACCDB9 /* Onboarding.storyboard */; };
		1FBC77582499C7F900ACCDB9 /* Dashboard.storyboard in Resources */ = {isa = PBXBuildFile; fileRef = 1FBC77572499C7F900ACCDB9 /* Dashboard.storyboard */; };
		1FBC775A2499C80100ACCDB9 /* Settings.storyboard in Resources */ = {isa = PBXBuildFile; fileRef = 1FBC77592499C80100ACCDB9 /* Settings.storyboard */; };
		1FBE82F224A2F4FF00C6752E /* Keychain.swift in Sources */ = {isa = PBXBuildFile; fileRef = 1FBE82F124A2F4FF00C6752E /* Keychain.swift */; };
		1FBE82F624A2F53800C6752E /* AppleSignIn.swift in Sources */ = {isa = PBXBuildFile; fileRef = 1FBE82F524A2F53800C6752E /* AppleSignIn.swift */; };
		1FBE82FA24A30F3B00C6752E /* LoginViewController.swift in Sources */ = {isa = PBXBuildFile; fileRef = 1FBE82F924A30F3B00C6752E /* LoginViewController.swift */; };
		1FDF700C24A44D88004E8C8D /* HomeViewController.swift in Sources */ = {isa = PBXBuildFile; fileRef = 1FDF700B24A44D88004E8C8D /* HomeViewController.swift */; };
		1FFD2F4324A458C300BD9817 /* SettingsTableViewController.swift in Sources */ = {isa = PBXBuildFile; fileRef = 1FFD2F4224A458C300BD9817 /* SettingsTableViewController.swift */; };
/* End PBXBuildFile section */

/* Begin PBXFileReference section */
		1734DD842499DBE800183547 /* OnboardingOneViewController.swift */ = {isa = PBXFileReference; lastKnownFileType = sourcecode.swift; path = OnboardingOneViewController.swift; sourceTree = "<group>"; };
		1734DD862499E01200183547 /* OnboardingTwoViewController.swift */ = {isa = PBXFileReference; lastKnownFileType = sourcecode.swift; path = OnboardingTwoViewController.swift; sourceTree = "<group>"; };
		1734DD882499E02500183547 /* OnboardingThreeViewController.swift */ = {isa = PBXFileReference; lastKnownFileType = sourcecode.swift; path = OnboardingThreeViewController.swift; sourceTree = "<group>"; };
		174AACD524A5C7C0002418B8 /* ChartViewController.swift */ = {isa = PBXFileReference; lastKnownFileType = sourcecode.swift; path = ChartViewController.swift; sourceTree = "<group>"; };
		174AACD724A5C854002418B8 /* Compatibilty.swift */ = {isa = PBXFileReference; lastKnownFileType = sourcecode.swift; path = Compatibilty.swift; sourceTree = "<group>"; };
		174AACD924A5C898002418B8 /* PieChartView.swift */ = {isa = PBXFileReference; lastKnownFileType = sourcecode.swift; path = PieChartView.swift; sourceTree = "<group>"; };
		174ADAED249C29C2004E768F /* CalculateViewController.swift */ = {isa = PBXFileReference; fileEncoding = 4; lastKnownFileType = sourcecode.swift; path = CalculateViewController.swift; sourceTree = "<group>"; };
		174ADAEF249C29CA004E768F /* ResultsViewController.swift */ = {isa = PBXFileReference; fileEncoding = 4; lastKnownFileType = sourcecode.swift; path = ResultsViewController.swift; sourceTree = "<group>"; };
		1F101C25249E83CA00F6A835 /* Test.swift */ = {isa = PBXFileReference; lastKnownFileType = sourcecode.swift; path = Test.swift; sourceTree = "<group>"; };
		1F101C29249E9A3500F6A835 /* PieChartRow.swift */ = {isa = PBXFileReference; fileEncoding = 4; lastKnownFileType = sourcecode.swift; path = PieChartRow.swift; sourceTree = "<group>"; };
		1F101C2A249E9A3500F6A835 /* PieChartCell.swift */ = {isa = PBXFileReference; fileEncoding = 4; lastKnownFileType = sourcecode.swift; path = PieChartCell.swift; sourceTree = "<group>"; };
		1F101C2F249E9E3200F6A835 /* Helpers.swift */ = {isa = PBXFileReference; fileEncoding = 4; lastKnownFileType = sourcecode.swift; path = Helpers.swift; sourceTree = "<group>"; };
		1F4F0B6C249ADE7F005EE536 /* ViewController.swift */ = {isa = PBXFileReference; fileEncoding = 4; lastKnownFileType = sourcecode.swift; path = ViewController.swift; sourceTree = "<group>"; };
		1F8BA314249D37A40080022D /* Vortex Mortgage.entitlements */ = {isa = PBXFileReference; lastKnownFileType = text.plist.entitlements; path = "Vortex Mortgage.entitlements"; sourceTree = "<group>"; };
		1F9BF6C2249C66570083F051 /* Profile.storyboard */ = {isa = PBXFileReference; lastKnownFileType = file.storyboard; path = Profile.storyboard; sourceTree = "<group>"; };
		1F9BF6C4249C66A40083F051 /* ProfileViewController.swift */ = {isa = PBXFileReference; lastKnownFileType = sourcecode.swift; path = ProfileViewController.swift; sourceTree = "<group>"; };
		1FBC77352499C11100ACCDB9 /* Vortex Mortgage.app */ = {isa = PBXFileReference; explicitFileType = wrapper.application; includeInIndex = 0; path = "Vortex Mortgage.app"; sourceTree = BUILT_PRODUCTS_DIR; };
		1FBC77382499C11100ACCDB9 /* AppDelegate.swift */ = {isa = PBXFileReference; lastKnownFileType = sourcecode.swift; path = AppDelegate.swift; sourceTree = "<group>"; };
		1FBC773A2499C11100ACCDB9 /* SceneDelegate.swift */ = {isa = PBXFileReference; lastKnownFileType = sourcecode.swift; path = SceneDelegate.swift; sourceTree = "<group>"; };
		1FBC773F2499C11100ACCDB9 /* Base */ = {isa = PBXFileReference; lastKnownFileType = file.storyboard; name = Base; path = Base.lproj/Main.storyboard; sourceTree = "<group>"; };
		1FBC77412499C11400ACCDB9 /* Assets.xcassets */ = {isa = PBXFileReference; lastKnownFileType = folder.assetcatalog; path = Assets.xcassets; sourceTree = "<group>"; };
		1FBC77442499C11400ACCDB9 /* Base */ = {isa = PBXFileReference; lastKnownFileType = file.storyboard; name = Base; path = Base.lproj/LaunchScreen.storyboard; sourceTree = "<group>"; };
		1FBC77462499C11400ACCDB9 /* Info.plist */ = {isa = PBXFileReference; lastKnownFileType = text.plist.xml; path = Info.plist; sourceTree = "<group>"; };
		1FBC77552499C7F000ACCDB9 /* Onboarding.storyboard */ = {isa = PBXFileReference; lastKnownFileType = file.storyboard; path = Onboarding.storyboard; sourceTree = "<group>"; };
		1FBC77572499C7F900ACCDB9 /* Dashboard.storyboard */ = {isa = PBXFileReference; lastKnownFileType = file.storyboard; path = Dashboard.storyboard; sourceTree = "<group>"; };
		1FBC77592499C80100ACCDB9 /* Settings.storyboard */ = {isa = PBXFileReference; lastKnownFileType = file.storyboard; path = Settings.storyboard; sourceTree = "<group>"; };
		1FBE82F124A2F4FF00C6752E /* Keychain.swift */ = {isa = PBXFileReference; fileEncoding = 4; lastKnownFileType = sourcecode.swift; path = Keychain.swift; sourceTree = "<group>"; };
		1FBE82F524A2F53800C6752E /* AppleSignIn.swift */ = {isa = PBXFileReference; fileEncoding = 4; lastKnownFileType = sourcecode.swift; path = AppleSignIn.swift; sourceTree = "<group>"; };
		1FBE82F924A30F3B00C6752E /* LoginViewController.swift */ = {isa = PBXFileReference; lastKnownFileType = sourcecode.swift; path = LoginViewController.swift; sourceTree = "<group>"; };
		1FDF700B24A44D88004E8C8D /* HomeViewController.swift */ = {isa = PBXFileReference; lastKnownFileType = sourcecode.swift; path = HomeViewController.swift; sourceTree = "<group>"; };
		1FFD2F4224A458C300BD9817 /* SettingsTableViewController.swift */ = {isa = PBXFileReference; lastKnownFileType = sourcecode.swift; path = SettingsTableViewController.swift; sourceTree = "<group>"; };
/* End PBXFileReference section */

/* Begin PBXFrameworksBuildPhase section */
		1FBC77322499C11100ACCDB9 /* Frameworks */ = {
			isa = PBXFrameworksBuildPhase;
			buildActionMask = 2147483647;
			files = (
			);
			runOnlyForDeploymentPostprocessing = 0;
		};
/* End PBXFrameworksBuildPhase section */

/* Begin PBXGroup section */
		1734DD832499DB0B00183547 /* ViewControllers */ = {
			isa = PBXGroup;
			children = (
				1734DD842499DBE800183547 /* OnboardingOneViewController.swift */,
				1734DD862499E01200183547 /* OnboardingTwoViewController.swift */,
				1734DD882499E02500183547 /* OnboardingThreeViewController.swift */,
				1F4F0B6C249ADE7F005EE536 /* ViewController.swift */,
				1FBE82F924A30F3B00C6752E /* LoginViewController.swift */,
				1F9BF6C4249C66A40083F051 /* ProfileViewController.swift */,
				1FDF700B24A44D88004E8C8D /* HomeViewController.swift */,
				1FFD2F4224A458C300BD9817 /* SettingsTableViewController.swift */,
				174ADAED249C29C2004E768F /* CalculateViewController.swift */,
				174ADAEF249C29CA004E768F /* ResultsViewController.swift */,
				1F101C25249E83CA00F6A835 /* Test.swift */,
				1F101C2A249E9A3500F6A835 /* PieChartCell.swift */,
				1F101C29249E9A3500F6A835 /* PieChartRow.swift */,
				1F101C2F249E9E3200F6A835 /* Helpers.swift */,
			);
			path = ViewControllers;
			sourceTree = "<group>";
		};
		174AACD424A5C766002418B8 /* Chart Files */ = {
			isa = PBXGroup;
			children = (
				174AACD524A5C7C0002418B8 /* ChartViewController.swift */,
				174AACD724A5C854002418B8 /* Compatibilty.swift */,
				174AACD924A5C898002418B8 /* PieChartView.swift */,
			);
			path = "Chart Files";
			sourceTree = "<group>";
		};
		1F9BF6C8249C7F480083F051 /* Helpers */ = {
			isa = PBXGroup;
			children = (
				1FBE82F124A2F4FF00C6752E /* Keychain.swift */,
			);
			path = Helpers;
			sourceTree = "<group>";
		};
		1FBC772C2499C11100ACCDB9 = {
			isa = PBXGroup;
			children = (
				174AACD424A5C766002418B8 /* Chart Files */,
				1FBC77372499C11100ACCDB9 /* Vortex Mortgage */,
				1FBC77362499C11100ACCDB9 /* Products */,
			);
			sourceTree = "<group>";
		};
		1FBC77362499C11100ACCDB9 /* Products */ = {
			isa = PBXGroup;
			children = (
				1FBC77352499C11100ACCDB9 /* Vortex Mortgage.app */,
			);
			name = Products;
			sourceTree = "<group>";
		};
		1FBC77372499C11100ACCDB9 /* Vortex Mortgage */ = {
			isa = PBXGroup;
			children = (
				1F8BA314249D37A40080022D /* Vortex Mortgage.entitlements */,
				1734DD832499DB0B00183547 /* ViewControllers */,
				1FBC775B2499C80A00ACCDB9 /* Storyboards */,
				1F9BF6C8249C7F480083F051 /* Helpers */,
				1FBC77432499C11400ACCDB9 /* LaunchScreen.storyboard */,
				1FBC77412499C11400ACCDB9 /* Assets.xcassets */,
				1FBC773A2499C11100ACCDB9 /* SceneDelegate.swift */,
				1FBE82F524A2F53800C6752E /* AppleSignIn.swift */,
				1FBC77382499C11100ACCDB9 /* AppDelegate.swift */,
				1FBC77462499C11400ACCDB9 /* Info.plist */,
			);
			path = "Vortex Mortgage";
			sourceTree = "<group>";
		};
		1FBC775B2499C80A00ACCDB9 /* Storyboards */ = {
			isa = PBXGroup;
			children = (
				1FBC773E2499C11100ACCDB9 /* Main.storyboard */,
				1FBC77552499C7F000ACCDB9 /* Onboarding.storyboard */,
				1FBC77572499C7F900ACCDB9 /* Dashboard.storyboard */,
				1FBC77592499C80100ACCDB9 /* Settings.storyboard */,
				1F9BF6C2249C66570083F051 /* Profile.storyboard */,
			);
			path = Storyboards;
			sourceTree = "<group>";
		};
/* End PBXGroup section */

/* Begin PBXNativeTarget section */
		1FBC77342499C11100ACCDB9 /* Vortex Mortgage */ = {
			isa = PBXNativeTarget;
			buildConfigurationList = 1FBC77492499C11400ACCDB9 /* Build configuration list for PBXNativeTarget "Vortex Mortgage" */;
			buildPhases = (
				1FBC77312499C11100ACCDB9 /* Sources */,
				1FBC77322499C11100ACCDB9 /* Frameworks */,
				1FBC77332499C11100ACCDB9 /* Resources */,
			);
			buildRules = (
			);
			dependencies = (
			);
			name = "Vortex Mortgage";
			productName = "Vortex Mortgage";
			productReference = 1FBC77352499C11100ACCDB9 /* Vortex Mortgage.app */;
			productType = "com.apple.product-type.application";
		};
/* End PBXNativeTarget section */

/* Begin PBXProject section */
		1FBC772D2499C11100ACCDB9 /* Project object */ = {
			isa = PBXProject;
			attributes = {
				LastSwiftUpdateCheck = 1150;
				LastUpgradeCheck = 1150;
				ORGANIZATIONNAME = "Lambda School";
				TargetAttributes = {
					1FBC77342499C11100ACCDB9 = {
						CreatedOnToolsVersion = 11.5;
					};
				};
			};
			buildConfigurationList = 1FBC77302499C11100ACCDB9 /* Build configuration list for PBXProject "Vortex Mortgage" */;
			compatibilityVersion = "Xcode 9.3";
			developmentRegion = en;
			hasScannedForEncodings = 0;
			knownRegions = (
				en,
				Base,
			);
			mainGroup = 1FBC772C2499C11100ACCDB9;
			productRefGroup = 1FBC77362499C11100ACCDB9 /* Products */;
			projectDirPath = "";
			projectRoot = "";
			targets = (
				1FBC77342499C11100ACCDB9 /* Vortex Mortgage */,
			);
		};
/* End PBXProject section */

/* Begin PBXResourcesBuildPhase section */
		1FBC77332499C11100ACCDB9 /* Resources */ = {
			isa = PBXResourcesBuildPhase;
			buildActionMask = 2147483647;
			files = (
				1FBC77452499C11400ACCDB9 /* LaunchScreen.storyboard in Resources */,
				1FBC77582499C7F900ACCDB9 /* Dashboard.storyboard in Resources */,
				1FBC77422499C11400ACCDB9 /* Assets.xcassets in Resources */,
				1FBC775A2499C80100ACCDB9 /* Settings.storyboard in Resources */,
				1FBC77402499C11100ACCDB9 /* Main.storyboard in Resources */,
				1F9BF6C3249C66570083F051 /* Profile.storyboard in Resources */,
				1FBC77562499C7F000ACCDB9 /* Onboarding.storyboard in Resources */,
			);
			runOnlyForDeploymentPostprocessing = 0;
		};
/* End PBXResourcesBuildPhase section */

/* Begin PBXSourcesBuildPhase section */
		1FBC77312499C11100ACCDB9 /* Sources */ = {
			isa = PBXSourcesBuildPhase;
			buildActionMask = 2147483647;
			files = (
				174AACD824A5C854002418B8 /* Compatibilty.swift in Sources */,
				1F4F0B6D249ADE7F005EE536 /* ViewController.swift in Sources */,
				1FBE82F624A2F53800C6752E /* AppleSignIn.swift in Sources */,
				1734DD872499E01200183547 /* OnboardingTwoViewController.swift in Sources */,
				1734DD852499DBE800183547 /* OnboardingOneViewController.swift in Sources */,
				1FDF700C24A44D88004E8C8D /* HomeViewController.swift in Sources */,
				174AACD624A5C7C0002418B8 /* ChartViewController.swift in Sources */,
				1FBE82F224A2F4FF00C6752E /* Keychain.swift in Sources */,
				1F101C2D249E9A3500F6A835 /* PieChartRow.swift in Sources */,
				1F101C26249E83CA00F6A835 /* Test.swift in Sources */,
				1734DD892499E02500183547 /* OnboardingThreeViewController.swift in Sources */,
				174ADAF0249C29CA004E768F /* ResultsViewController.swift in Sources */,
				174ADAEE249C29C2004E768F /* CalculateViewController.swift in Sources */,
				1F101C30249E9E3200F6A835 /* Helpers.swift in Sources */,
				1FBC77392499C11100ACCDB9 /* AppDelegate.swift in Sources */,
				1FBE82FA24A30F3B00C6752E /* LoginViewController.swift in Sources */,
				174AACDA24A5C898002418B8 /* PieChartView.swift in Sources */,
				1F101C2E249E9A3500F6A835 /* PieChartCell.swift in Sources */,
				1FFD2F4324A458C300BD9817 /* SettingsTableViewController.swift in Sources */,
				1F9BF6C5249C66A40083F051 /* ProfileViewController.swift in Sources */,
				1FBC773B2499C11100ACCDB9 /* SceneDelegate.swift in Sources */,
			);
			runOnlyForDeploymentPostprocessing = 0;
		};
/* End PBXSourcesBuildPhase section */

/* Begin PBXVariantGroup section */
		1FBC773E2499C11100ACCDB9 /* Main.storyboard */ = {
			isa = PBXVariantGroup;
			children = (
				1FBC773F2499C11100ACCDB9 /* Base */,
			);
			name = Main.storyboard;
			sourceTree = "<group>";
		};
		1FBC77432499C11400ACCDB9 /* LaunchScreen.storyboard */ = {
			isa = PBXVariantGroup;
			children = (
				1FBC77442499C11400ACCDB9 /* Base */,
			);
			name = LaunchScreen.storyboard;
			sourceTree = "<group>";
		};
/* End PBXVariantGroup section */

/* Begin XCBuildConfiguration section */
		1FBC77472499C11400ACCDB9 /* Debug */ = {
			isa = XCBuildConfiguration;
			buildSettings = {
				ALWAYS_SEARCH_USER_PATHS = NO;
				CLANG_ANALYZER_NONNULL = YES;
				CLANG_ANALYZER_NUMBER_OBJECT_CONVERSION = YES_AGGRESSIVE;
				CLANG_CXX_LANGUAGE_STANDARD = "gnu++14";
				CLANG_CXX_LIBRARY = "libc++";
				CLANG_ENABLE_MODULES = YES;
				CLANG_ENABLE_OBJC_ARC = YES;
				CLANG_ENABLE_OBJC_WEAK = YES;
				CLANG_WARN_BLOCK_CAPTURE_AUTORELEASING = YES;
				CLANG_WARN_BOOL_CONVERSION = YES;
				CLANG_WARN_COMMA = YES;
				CLANG_WARN_CONSTANT_CONVERSION = YES;
				CLANG_WARN_DEPRECATED_OBJC_IMPLEMENTATIONS = YES;
				CLANG_WARN_DIRECT_OBJC_ISA_USAGE = YES_ERROR;
				CLANG_WARN_DOCUMENTATION_COMMENTS = YES;
				CLANG_WARN_EMPTY_BODY = YES;
				CLANG_WARN_ENUM_CONVERSION = YES;
				CLANG_WARN_INFINITE_RECURSION = YES;
				CLANG_WARN_INT_CONVERSION = YES;
				CLANG_WARN_NON_LITERAL_NULL_CONVERSION = YES;
				CLANG_WARN_OBJC_IMPLICIT_RETAIN_SELF = YES;
				CLANG_WARN_OBJC_LITERAL_CONVERSION = YES;
				CLANG_WARN_OBJC_ROOT_CLASS = YES_ERROR;
				CLANG_WARN_RANGE_LOOP_ANALYSIS = YES;
				CLANG_WARN_STRICT_PROTOTYPES = YES;
				CLANG_WARN_SUSPICIOUS_MOVE = YES;
				CLANG_WARN_UNGUARDED_AVAILABILITY = YES_AGGRESSIVE;
				CLANG_WARN_UNREACHABLE_CODE = YES;
				CLANG_WARN__DUPLICATE_METHOD_MATCH = YES;
				COPY_PHASE_STRIP = NO;
				DEBUG_INFORMATION_FORMAT = dwarf;
				ENABLE_STRICT_OBJC_MSGSEND = YES;
				ENABLE_TESTABILITY = YES;
				GCC_C_LANGUAGE_STANDARD = gnu11;
				GCC_DYNAMIC_NO_PIC = NO;
				GCC_NO_COMMON_BLOCKS = YES;
				GCC_OPTIMIZATION_LEVEL = 0;
				GCC_PREPROCESSOR_DEFINITIONS = (
					"DEBUG=1",
					"$(inherited)",
				);
				GCC_WARN_64_TO_32_BIT_CONVERSION = YES;
				GCC_WARN_ABOUT_RETURN_TYPE = YES_ERROR;
				GCC_WARN_UNDECLARED_SELECTOR = YES;
				GCC_WARN_UNINITIALIZED_AUTOS = YES_AGGRESSIVE;
				GCC_WARN_UNUSED_FUNCTION = YES;
				GCC_WARN_UNUSED_VARIABLE = YES;
				IPHONEOS_DEPLOYMENT_TARGET = 13.5;
				MTL_ENABLE_DEBUG_INFO = INCLUDE_SOURCE;
				MTL_FAST_MATH = YES;
				ONLY_ACTIVE_ARCH = YES;
				SDKROOT = iphoneos;
				SWIFT_ACTIVE_COMPILATION_CONDITIONS = DEBUG;
				SWIFT_OPTIMIZATION_LEVEL = "-Onone";
			};
			name = Debug;
		};
		1FBC77482499C11400ACCDB9 /* Release */ = {
			isa = XCBuildConfiguration;
			buildSettings = {
				ALWAYS_SEARCH_USER_PATHS = NO;
				CLANG_ANALYZER_NONNULL = YES;
				CLANG_ANALYZER_NUMBER_OBJECT_CONVERSION = YES_AGGRESSIVE;
				CLANG_CXX_LANGUAGE_STANDARD = "gnu++14";
				CLANG_CXX_LIBRARY = "libc++";
				CLANG_ENABLE_MODULES = YES;
				CLANG_ENABLE_OBJC_ARC = YES;
				CLANG_ENABLE_OBJC_WEAK = YES;
				CLANG_WARN_BLOCK_CAPTURE_AUTORELEASING = YES;
				CLANG_WARN_BOOL_CONVERSION = YES;
				CLANG_WARN_COMMA = YES;
				CLANG_WARN_CONSTANT_CONVERSION = YES;
				CLANG_WARN_DEPRECATED_OBJC_IMPLEMENTATIONS = YES;
				CLANG_WARN_DIRECT_OBJC_ISA_USAGE = YES_ERROR;
				CLANG_WARN_DOCUMENTATION_COMMENTS = YES;
				CLANG_WARN_EMPTY_BODY = YES;
				CLANG_WARN_ENUM_CONVERSION = YES;
				CLANG_WARN_INFINITE_RECURSION = YES;
				CLANG_WARN_INT_CONVERSION = YES;
				CLANG_WARN_NON_LITERAL_NULL_CONVERSION = YES;
				CLANG_WARN_OBJC_IMPLICIT_RETAIN_SELF = YES;
				CLANG_WARN_OBJC_LITERAL_CONVERSION = YES;
				CLANG_WARN_OBJC_ROOT_CLASS = YES_ERROR;
				CLANG_WARN_RANGE_LOOP_ANALYSIS = YES;
				CLANG_WARN_STRICT_PROTOTYPES = YES;
				CLANG_WARN_SUSPICIOUS_MOVE = YES;
				CLANG_WARN_UNGUARDED_AVAILABILITY = YES_AGGRESSIVE;
				CLANG_WARN_UNREACHABLE_CODE = YES;
				CLANG_WARN__DUPLICATE_METHOD_MATCH = YES;
				COPY_PHASE_STRIP = NO;
				DEBUG_INFORMATION_FORMAT = "dwarf-with-dsym";
				ENABLE_NS_ASSERTIONS = NO;
				ENABLE_STRICT_OBJC_MSGSEND = YES;
				GCC_C_LANGUAGE_STANDARD = gnu11;
				GCC_NO_COMMON_BLOCKS = YES;
				GCC_WARN_64_TO_32_BIT_CONVERSION = YES;
				GCC_WARN_ABOUT_RETURN_TYPE = YES_ERROR;
				GCC_WARN_UNDECLARED_SELECTOR = YES;
				GCC_WARN_UNINITIALIZED_AUTOS = YES_AGGRESSIVE;
				GCC_WARN_UNUSED_FUNCTION = YES;
				GCC_WARN_UNUSED_VARIABLE = YES;
				IPHONEOS_DEPLOYMENT_TARGET = 13.5;
				MTL_ENABLE_DEBUG_INFO = NO;
				MTL_FAST_MATH = YES;
				SDKROOT = iphoneos;
				SWIFT_COMPILATION_MODE = wholemodule;
				SWIFT_OPTIMIZATION_LEVEL = "-O";
				VALIDATE_PRODUCT = YES;
			};
			name = Release;
		};
		1FBC774A2499C11400ACCDB9 /* Debug */ = {
			isa = XCBuildConfiguration;
			buildSettings = {
				ASSETCATALOG_COMPILER_APPICON_NAME = AppIcon;
				CODE_SIGN_ENTITLEMENTS = "Vortex Mortgage/Vortex Mortgage.entitlements";
				CODE_SIGN_STYLE = Automatic;
				DEVELOPMENT_TEAM = 6UK9B9BTNM;
				INFOPLIST_FILE = "Vortex Mortgage/Info.plist";
				LD_RUNPATH_SEARCH_PATHS = (
					"$(inherited)",
					"@executable_path/Frameworks",
				);
				PRODUCT_BUNDLE_IDENTIFIER = "com.ChristianLorenzo.Vortex-Mortgage";
				PRODUCT_NAME = "$(TARGET_NAME)";
				SUPPORTS_MACCATALYST = NO;
				SWIFT_VERSION = 5.0;
				TARGETED_DEVICE_FAMILY = "1,2";
			};
			name = Debug;
		};
		1FBC774B2499C11400ACCDB9 /* Release */ = {
			isa = XCBuildConfiguration;
			buildSettings = {
				ASSETCATALOG_COMPILER_APPICON_NAME = AppIcon;
				CODE_SIGN_ENTITLEMENTS = "Vortex Mortgage/Vortex Mortgage.entitlements";
				CODE_SIGN_STYLE = Automatic;
				DEVELOPMENT_TEAM = 6UK9B9BTNM;
				INFOPLIST_FILE = "Vortex Mortgage/Info.plist";
				LD_RUNPATH_SEARCH_PATHS = (
					"$(inherited)",
					"@executable_path/Frameworks",
				);
				PRODUCT_BUNDLE_IDENTIFIER = "com.ChristianLorenzo.Vortex-Mortgage";
				PRODUCT_NAME = "$(TARGET_NAME)";
				SUPPORTS_MACCATALYST = NO;
				SWIFT_VERSION = 5.0;
				TARGETED_DEVICE_FAMILY = "1,2";
			};
			name = Release;
		};
/* End XCBuildConfiguration section */

/* Begin XCConfigurationList section */
		1FBC77302499C11100ACCDB9 /* Build configuration list for PBXProject "Vortex Mortgage" */ = {
			isa = XCConfigurationList;
			buildConfigurations = (
				1FBC77472499C11400ACCDB9 /* Debug */,
				1FBC77482499C11400ACCDB9 /* Release */,
			);
			defaultConfigurationIsVisible = 0;
			defaultConfigurationName = Release;
		};
		1FBC77492499C11400ACCDB9 /* Build configuration list for PBXNativeTarget "Vortex Mortgage" */ = {
			isa = XCConfigurationList;
			buildConfigurations = (
				1FBC774A2499C11400ACCDB9 /* Debug */,
				1FBC774B2499C11400ACCDB9 /* Release */,
			);
			defaultConfigurationIsVisible = 0;
			defaultConfigurationName = Release;
		};
/* End XCConfigurationList section */
	};
	rootObject = 1FBC772D2499C11100ACCDB9 /* Project object */;
}
